Microsoft Visual Studio Solution File, Format Version 11.00
# Visual Studio 2008

Project("{7E49D62A-908C-DF10-A250-F4E58D78E13D}") = "v0.2", "Assembly-CSharp-firstpass.csproj", "{1E9B8446-3B9C-E62F-26EC-CD15AB801A68}"
EndProject
Project("{7E49D62A-908C-DF10-A250-F4E58D78E13D}") = "v0.2", "Assembly-CSharp.csproj", "{E38A4915-7883-3346-BE6B-9775F4AA59D1}"
EndProject
Project("{7E49D62A-908C-DF10-A250-F4E58D78E13D}") = "v0.2", "Assembly-UnityScript-firstpass.unityproj", "{4E3DDA43-A1AF-FCD6-6E83-CC4392884C9E}"
EndProject
Global
	GlobalSection(SolutionConfigurationPlatforms) = preSolution
		Debug|Any CPU = Debug|Any CPU
		Release|Any CPU = Release|Any CPU
	EndGlobalSection
	GlobalSection(ProjectConfigurationPlatforms) = postSolution
		{1E9B8446-3B9C-E62F-26EC-CD15AB801A68}.Debug|Any CPU.ActiveCfg = Debug|Any CPU
		{1E9B8446-3B9C-E62F-26EC-CD15AB801A68}.Debug|Any CPU.Build.0 = Debug|Any CPU
		{1E9B8446-3B9C-E62F-26EC-CD15AB801A68}.Release|Any CPU.ActiveCfg = Release|Any CPU
		{1E9B8446-3B9C-E62F-26EC-CD15AB801A68}.Release|Any CPU.Build.0 = Release|Any CPU
		{E38A4915-7883-3346-BE6B-9775F4AA59D1}.Debug|Any CPU.ActiveCfg = Debug|Any CPU
		{E38A4915-7883-3346-BE6B-9775F4AA59D1}.Debug|Any CPU.Build.0 = Debug|Any CPU
		{E38A4915-7883-3346-BE6B-9775F4AA59D1}.Release|Any CPU.ActiveCfg = Release|Any CPU
		{E38A4915-7883-3346-BE6B-9775F4AA59D1}.Release|Any CPU.Build.0 = Release|Any CPU
		{4E3DDA43-A1AF-FCD6-6E83-CC4392884C9E}.Debug|Any CPU.ActiveCfg = Debug|Any CPU
		{4E3DDA43-A1AF-FCD6-6E83-CC4392884C9E}.Debug|Any CPU.Build.0 = Debug|Any CPU
		{4E3DDA43-A1AF-FCD6-6E83-CC4392884C9E}.Release|Any CPU.ActiveCfg = Release|Any CPU
		{4E3DDA43-A1AF-FCD6-6E83-CC4392884C9E}.Release|Any CPU.Build.0 = Release|Any CPU
	EndGlobalSection
	GlobalSection(SolutionProperties) = preSolution
		HideSolutionNode = FALSE
	EndGlobalSection
								GlobalSection(MonoDevelopProperties) = preSolution
		StartupItem = Assembly-CSharp.csproj
		Policies = $0
		$0.TextStylePolicy = $1
		$1.inheritsSet = null
		$1.scope = text/x-csharp
		$0.CSharpFormattingPolicy = $2
		$2.inheritsSet = Mono
		$2.inheritsScope = text/x-csharp
		$2.scope = text/x-csharp
		$0.TextStylePolicy = $3
		$3.FileWidth = 120
		$3.TabWidth = 4
		$3.EolMarker = Unix
		$3.inheritsSet = Mono
		$3.inheritsScope = text/plain
		$3.scope = text/plain
	EndGlobalSection

EndGlobal
